# This file is automatically @generated by Cargo.
# It is not intended for manual editing.
version = 3

[[package]]
name = "base94"
version = "0.1.0"
source = "git+https://github.com/pro465/base94#a65f5c437970629c8f341f0ea7ed2c38cd9510b5"

[[package]]
name = "enc"
version = "0.1.0"
dependencies = [
 "base94",
]
