# This file is automatically @generated by Cargo.
# It is not intended for manual editing.
version = 3

[[package]]
name = "base94"
version = "0.1.0"
source = "git+https://github.com/pro465/base94#82ecfb3f6902b9185cc4bfd1a3c7f0525659c91e"

[[package]]
name = "enc"
version = "0.1.0"
dependencies = [
 "base94",
]
