# This file is automatically @generated by Cargo.
# It is not intended for manual editing.
version = 3

[[package]]
name = "base94"
version = "0.1.0"
source = "git+https://github.com/pro465/base94#f26bf2f89b95045e019373c26ad02ce5367241cc"

[[package]]
name = "enc"
version = "0.1.0"
dependencies = [
 "base94",
]
